
Microsoft Visual Studio Solution File, Format Version 12.00
# Visual Studio Version 16
VisualStudioVersion = 16.0.30011.22
MinimumVisualStudioVersion = 10.0.40219.1
Project("{FAE04EC0-301F-11D3-BF4B-00C04F79EFBC}") = "Shrek2RandomActorsMod", "Shrek2RandomActorsMod.csproj", "{647091C0-54BA-4D4A-A070-88CF9B197603}"
EndProject
Global
	GlobalSection(SolutionConfigurationPlatforms) = preSolution
		Debug|Any CPU = Debug|Any CPU
		Release|Any CPU = Release|Any CPU
	EndGlobalSection
	GlobalSection(ProjectConfigurationPlatforms) = postSolution
		{647091C0-54BA-4D4A-A070-88CF9B197603}.Debug|Any CPU.ActiveCfg = Debug|Any CPU
		{647091C0-54BA-4D4A-A070-88CF9B197603}.Debug|Any CPU.Build.0 = Debug|Any CPU
		{647091C0-54BA-4D4A-A070-88CF9B197603}.Release|Any CPU.ActiveCfg = Release|Any CPU
		{647091C0-54BA-4D4A-A070-88CF9B197603}.Release|Any CPU.Build.0 = Release|Any CPU
	EndGlobalSection
	GlobalSection(SolutionProperties) = preSolution
		HideSolutionNode = FALSE
	EndGlobalSection
	GlobalSection(ExtensibilityGlobals) = postSolution
		SolutionGuid = {DBD13765-CC35-4C6C-BD73-85BA3243E039}
	EndGlobalSection
EndGlobal
